
Microsoft Visual Studio Solution File, Format Version 12.00
# Visual Studio Version 17
VisualStudioVersion = 17.6.33815.320
MinimumVisualStudioVersion = 10.0.40219.1
Project("{FAE04EC0-301F-11D3-BF4B-00C04F79EFBC}") = "isgasoir", "isgasoir.csproj", "{D79290D0-0621-45C1-99E6-E72028428005}"
EndProject
Global
	GlobalSection(SolutionConfigurationPlatforms) = preSolution
		Debug|Any CPU = Debug|Any CPU
		Release|Any CPU = Release|Any CPU
	EndGlobalSection
	GlobalSection(ProjectConfigurationPlatforms) = postSolution
		{D79290D0-0621-45C1-99E6-E72028428005}.Debug|Any CPU.ActiveCfg = Debug|Any CPU
		{D79290D0-0621-45C1-99E6-E72028428005}.Debug|Any CPU.Build.0 = Debug|Any CPU
		{D79290D0-0621-45C1-99E6-E72028428005}.Release|Any CPU.ActiveCfg = Release|Any CPU
		{D79290D0-0621-45C1-99E6-E72028428005}.Release|Any CPU.Build.0 = Release|Any CPU
	EndGlobalSection
	GlobalSection(SolutionProperties) = preSolution
		HideSolutionNode = FALSE
	EndGlobalSection
	GlobalSection(ExtensibilityGlobals) = postSolution
		SolutionGuid = {E8675DEE-9752-4C09-A9E3-216B845BAE0C}
	EndGlobalSection
EndGlobal
